
Microsoft Visual Studio Solution File, Format Version 12.00
# Visual Studio Version 17
VisualStudioVersion = 17.8.34316.72
MinimumVisualStudioVersion = 10.0.40219.1
Project("{FAE04EC0-301F-11D3-BF4B-00C04F79EFBC}") = "DebtRepayment", "DebtRepayment\DebtRepayment.csproj", "{3B2022E0-DAC7-4E1B-8228-25FA4CBB5D71}"
EndProject
Global
	GlobalSection(SolutionConfigurationPlatforms) = preSolution
		Debug|Any CPU = Debug|Any CPU
		Release|Any CPU = Release|Any CPU
	EndGlobalSection
	GlobalSection(ProjectConfigurationPlatforms) = postSolution
		{3B2022E0-DAC7-4E1B-8228-25FA4CBB5D71}.Debug|Any CPU.ActiveCfg = Debug|Any CPU
		{3B2022E0-DAC7-4E1B-8228-25FA4CBB5D71}.Debug|Any CPU.Build.0 = Debug|Any CPU
		{3B2022E0-DAC7-4E1B-8228-25FA4CBB5D71}.Release|Any CPU.ActiveCfg = Release|Any CPU
		{3B2022E0-DAC7-4E1B-8228-25FA4CBB5D71}.Release|Any CPU.Build.0 = Release|Any CPU
	EndGlobalSection
	GlobalSection(SolutionProperties) = preSolution
		HideSolutionNode = FALSE
	EndGlobalSection
	GlobalSection(ExtensibilityGlobals) = postSolution
		SolutionGuid = {656DF117-A1B7-4B5E-89F7-F220330009BE}
	EndGlobalSection
EndGlobal
